{
  "name": "web",
  "version": "1.0.0",
  "lockfileVersion": 2,
  "requires": true,
  "packages": {
    "": {
      "name": "web",
      "version": "1.0.0",
      "license": "ISC",
      "dependencies": {
        "videojs-marker-plugin": "^1.0.1"
      }
    },
    "node_modules/@babel/runtime": {
      "version": "7.23.9",
      "resolved": "https://registry.npmjs.org/@babel/runtime/-/runtime-7.23.9.tgz",
      "integrity": "sha512-0CX6F+BI2s9dkUqr08KFrAIZgNFj75rdBU/DjCyYLIaV/quFjkk6T+EJ2LkZHyZTbEV4L5p97mNkUsHl2wLFAw==",
      "peer": true,
      "dependencies": {
        "regenerator-runtime": "^0.14.0"
      },
      "engines": {
        "node": ">=6.9.0"
      }
    },
    "node_modules/@videojs/http-streaming": {
      "version": "2.4.2",
      "resolved": "https://registry.npmjs.org/@videojs/http-streaming/-/http-streaming-2.4.2.tgz",
      "integrity": "sha512-yXT85ao2t9Sg/aQN2MV1AYikoRToxCaHD8rRR1+SuOWOv9+z8+M4X9ZvxIdFF3pFgZ67Widp/6xyRrDn2u2QWQ==",
      "peer": true,
      "dependencies": {
        "@babel/runtime": "^7.12.5",
        "@videojs/vhs-utils": "^2.3.0",
        "aes-decrypter": "3.1.0",
        "global": "^4.4.0",
        "m3u8-parser": "4.5.0",
        "mpd-parser": "0.15.0",
        "mux.js": "5.8.0",
        "video.js": "^6 || ^7"
      },
      "engines": {
        "node": ">=8",
        "npm": ">=5"
      }
    },
    "node_modules/@videojs/http-streaming/node_modules/global": {
      "version": "4.4.0",
      "resolved": "https://registry.npmjs.org/global/-/global-4.4.0.tgz",
      "integrity": "sha512-wv/LAoHdRE3BeTGz53FAamhGlPLhlssK45usmGFThIi4XqnBmjKQ16u+RNbP7WvigRZDxUsM0J3gcQ5yicaL0w==",
      "peer": true,
      "dependencies": {
        "min-document": "^2.19.0",
        "process": "^0.11.10"
      }
    },
    "node_modules/@videojs/http-streaming/node_modules/process": {
      "version": "0.11.10",
      "resolved": "https://registry.npmjs.org/process/-/process-0.11.10.tgz",
      "integrity": "sha512-cdGef/drWFoydD1JsMzuFf8100nZl+GT+yacc2bEced5f9Rjk4z+WtFUTBu9PhOi9j/jfmBPu0mMEY4wIdAF8A==",
      "peer": true,
      "engines": {
        "node": ">= 0.6.0"
      }
    },
    "node_modules/@videojs/vhs-utils": {
      "version": "2.3.0",
      "resolved": "https://registry.npmjs.org/@videojs/vhs-utils/-/vhs-utils-2.3.0.tgz",
      "integrity": "sha512-ThSmm91S7tuIJ757ON50K4y7S/bvKN4+B0tu303gCOxaG57PoP1UvPfMQZ90XGhxwNgngexVojOqbBHhTvXVHQ==",
      "peer": true,
      "dependencies": {
        "@babel/runtime": "^7.5.5",
        "global": "^4.3.2",
        "url-toolkit": "^2.1.6"
      },
      "engines": {
        "node": ">=8",
        "npm": ">=5"
      }
    },
    "node_modules/@videojs/xhr": {
      "version": "2.5.1",
      "resolved": "https://registry.npmjs.org/@videojs/xhr/-/xhr-2.5.1.tgz",
      "integrity": "sha512-wV9nGESHseSK+S9ePEru2+OJZ1jq/ZbbzniGQ4weAmTIepuBMSYPx5zrxxQA0E786T5ykpO8ts+LayV+3/oI2w==",
      "peer": true,
      "dependencies": {
        "@babel/runtime": "^7.5.5",
        "global": "~4.4.0",
        "is-function": "^1.0.1"
      }
    },
    "node_modules/@videojs/xhr/node_modules/global": {
      "version": "4.4.0",
      "resolved": "https://registry.npmjs.org/global/-/global-4.4.0.tgz",
      "integrity": "sha512-wv/LAoHdRE3BeTGz53FAamhGlPLhlssK45usmGFThIi4XqnBmjKQ16u+RNbP7WvigRZDxUsM0J3gcQ5yicaL0w==",
      "peer": true,
      "dependencies": {
        "min-document": "^2.19.0",
        "process": "^0.11.10"
      }
    },
    "node_modules/@videojs/xhr/node_modules/process": {
      "version": "0.11.10",
      "resolved": "https://registry.npmjs.org/process/-/process-0.11.10.tgz",
      "integrity": "sha512-cdGef/drWFoydD1JsMzuFf8100nZl+GT+yacc2bEced5f9Rjk4z+WtFUTBu9PhOi9j/jfmBPu0mMEY4wIdAF8A==",
      "peer": true,
      "engines": {
        "node": ">= 0.6.0"
      }
    },
    "node_modules/aes-decrypter": {
      "version": "3.1.0",
      "resolved": "https://registry.npmjs.org/aes-decrypter/-/aes-decrypter-3.1.0.tgz",
      "integrity": "sha512-wL1NFwP2yNrJG4InpXYFhhYe9TfonnDyhyxMq2+K9/qt+SrZzUieOpviN6pkDly7GawTqw5feehk0rn5iYo00g==",
      "peer": true,
      "dependencies": {
        "@babel/runtime": "^7.5.5",
        "@videojs/vhs-utils": "^2.2.1",
        "global": "^4.3.2",
        "pkcs7": "^1.0.4"
      }
    },
    "node_modules/dom-walk": {
      "version": "0.1.2",
      "resolved": "https://registry.npmjs.org/dom-walk/-/dom-walk-0.1.2.tgz",
      "integrity": "sha512-6QvTW9mrGeIegrFXdtQi9pk7O/nSK6lSdXW2eqUspN5LWD7UTji2Fqw5V2YLjBpHEoU9Xl/eUWNpDeZvoyOv2w=="
    },
    "node_modules/global": {
      "version": "4.3.2",
      "resolved": "https://registry.npmjs.org/global/-/global-4.3.2.tgz",
      "integrity": "sha512-/4AybdwIDU4HkCUbJkZdWpe4P6vuw/CUtu+0I1YlLIPe7OlUO7KNJ+q/rO70CW2/NW6Jc6I62++Hzsf5Alu6rQ==",
      "peer": true,
      "dependencies": {
        "min-document": "^2.19.0",
        "process": "~0.5.1"
      }
    },
    "node_modules/individual": {
      "version": "2.0.0",
      "resolved": "https://registry.npmjs.org/individual/-/individual-2.0.0.tgz",
      "integrity": "sha512-pWt8hBCqJsUWI/HtcfWod7+N9SgAqyPEaF7JQjwzjn5vGrpg6aQ5qeAFQ7dx//UH4J1O+7xqew+gCeeFt6xN/g==",
      "peer": true
    },
    "node_modules/is-function": {
      "version": "1.0.2",
      "resolved": "https://registry.npmjs.org/is-function/-/is-function-1.0.2.tgz",
      "integrity": "sha512-lw7DUp0aWXYg+CBCN+JKkcE0Q2RayZnSvnZBlwgxHBQhqt5pZNVy4Ri7H9GmmXkdu7LUthszM+Tor1u/2iBcpQ==",
      "peer": true
    },
    "node_modules/keycode": {
      "version": "2.2.1",
      "resolved": "https://registry.npmjs.org/keycode/-/keycode-2.2.1.tgz",
      "integrity": "sha512-Rdgz9Hl9Iv4QKi8b0OlCRQEzp4AgVxyCtz5S/+VIHezDmrDhkp2N2TqBWOLz0/gbeREXOOiI9/4b8BY9uw2vFg==",
      "peer": true
    },
    "node_modules/m3u8-parser": {
      "version": "4.5.0",
      "resolved": "https://registry.npmjs.org/m3u8-parser/-/m3u8-parser-4.5.0.tgz",
      "integrity": "sha512-RGm/1WVCX3o1bSWbJGmJUu4zTbtJy8lImtgHM4CESFvJRXYztr1j6SW/q9/ghYOrUjgH7radsIar+z1Leln0sA==",
      "peer": true,
      "dependencies": {
        "@babel/runtime": "^7.5.5",
        "@videojs/vhs-utils": "^2.2.1",
        "global": "^4.3.2"
      }
    },
    "node_modules/min-document": {
      "version": "2.19.0",
      "resolved": "https://registry.npmjs.org/min-document/-/min-document-2.19.0.tgz",
      "integrity": "sha512-9Wy1B3m3f66bPPmU5hdA4DR4PB2OfDU/+GS3yAB7IQozE3tqXaVv2zOjgla7MEGSRv95+ILmOuvhLkOK6wJtCQ==",
      "dependencies": {
        "dom-walk": "^0.1.0"
      }
    },
    "node_modules/mpd-parser": {
      "version": "0.15.0",
      "resolved": "https://registry.npmjs.org/mpd-parser/-/mpd-parser-0.15.0.tgz",
      "integrity": "sha512-GfspJVaEnVbWKZQASvh9nsJkvxWh3M/c5Kb2RPnN5ZXPZ7jWWfarWkNKTEuqvoaAKIT8IB/r6PFTWA1GY4fzGg==",
      "peer": true,
      "dependencies": {
        "@babel/runtime": "^7.5.5",
        "@videojs/vhs-utils": "^2.2.1",
        "global": "^4.3.2",
        "xmldom": "^0.1.27"
      }
    },
    "node_modules/mux.js": {
      "version": "5.8.0",
      "resolved": "https://registry.npmjs.org/mux.js/-/mux.js-5.8.0.tgz",
      "integrity": "sha512-v56I2YPyCq1bVbXW7vcuvQs8iHrDy7AeXsZyG1kxCxBUqUjZD0Xq/cU1wrd5dy9YTxRpvw37aTQ4ILwi40GXiw==",
      "peer": true
    },
    "node_modules/pkcs7": {
      "version": "1.0.4",
      "resolved": "https://registry.npmjs.org/pkcs7/-/pkcs7-1.0.4.tgz",
      "integrity": "sha512-afRERtHn54AlwaF2/+LFszyAANTCggGilmcmILUzEjvs3XgFZT+xE6+QWQcAGmu4xajy+Xtj7acLOPdx5/eXWQ==",
      "peer": true,
      "dependencies": {
        "@babel/runtime": "^7.5.5"
      },
      "bin": {
        "pkcs7": "bin/cli.js"
      }
    },
    "node_modules/process": {
      "version": "0.5.2",
      "resolved": "https://registry.npmjs.org/process/-/process-0.5.2.tgz",
      "integrity": "sha512-oNpcutj+nYX2FjdEW7PGltWhXulAnFlM0My/k48L90hARCOJtvBbQXc/6itV2jDvU5xAAtonP+r6wmQgCcbAUA==",
      "peer": true,
      "engines": {
        "node": ">= 0.6.0"
      }
    },
    "node_modules/regenerator-runtime": {
      "version": "0.14.1",
      "resolved": "https://registry.npmjs.org/regenerator-runtime/-/regenerator-runtime-0.14.1.tgz",
      "integrity": "sha512-dYnhHh0nJoMfnkZs6GmmhFknAGRrLznOu5nc9ML+EJxGvrx6H7teuevqVqCuPcPK//3eDrrjQhehXVx9cnkGdw==",
      "peer": true
    },
    "node_modules/rust-result": {
      "version": "1.0.0",
      "resolved": "https://registry.npmjs.org/rust-result/-/rust-result-1.0.0.tgz",
      "integrity": "sha512-6cJzSBU+J/RJCF063onnQf0cDUOHs9uZI1oroSGnHOph+CQTIJ5Pp2hK5kEQq1+7yE/EEWfulSNXAQ2jikPthA==",
      "peer": true,
      "dependencies": {
        "individual": "^2.0.0"
      }
    },
    "node_modules/safe-json-parse": {
      "version": "4.0.0",
      "resolved": "https://registry.npmjs.org/safe-json-parse/-/safe-json-parse-4.0.0.tgz",
      "integrity": "sha512-RjZPPHugjK0TOzFrLZ8inw44s9bKox99/0AZW9o/BEQVrJfhI+fIHMErnPyRa89/yRXUUr93q+tiN6zhoVV4wQ==",
      "peer": true,
      "dependencies": {
        "rust-result": "^1.0.0"
      }
    },
    "node_modules/url-toolkit": {
      "version": "2.2.5",
      "resolved": "https://registry.npmjs.org/url-toolkit/-/url-toolkit-2.2.5.tgz",
      "integrity": "sha512-mtN6xk+Nac+oyJ/PrI7tzfmomRVNFIWKUbG8jdYFt52hxbiReFAXIjYskvu64/dvuW71IcB7lV8l0HvZMac6Jg==",
      "peer": true
    },
    "node_modules/video.js": {
      "version": "7.11.4",
      "resolved": "https://registry.npmjs.org/video.js/-/video.js-7.11.4.tgz",
      "integrity": "sha512-eT9n7YCugHyWNHI2gyK28XoozNmLiW4F9dRYEP6ET/JVmm7oXPhLeVfs5kqcRviquISqWsvsNmhK1b9vvZzyVA==",
      "peer": true,
      "dependencies": {
        "@babel/runtime": "^7.9.2",
        "@videojs/http-streaming": "2.4.2",
        "@videojs/xhr": "2.5.1",
        "global": "4.3.2",
        "keycode": "^2.2.0",
        "safe-json-parse": "4.0.0",
        "videojs-font": "3.2.0",
        "videojs-vtt.js": "^0.15.2"
      }
    },
    "node_modules/videojs-font": {
      "version": "3.2.0",
      "resolved": "https://registry.npmjs.org/videojs-font/-/videojs-font-3.2.0.tgz",
      "integrity": "sha512-g8vHMKK2/JGorSfqAZQUmYYNnXmfec4MLhwtEFS+mMs2IDY398GLysy6BH6K+aS1KMNu/xWZ8Sue/X/mdQPliA==",
      "peer": true
    },
    "node_modules/videojs-marker-plugin": {
      "version": "1.0.1",
      "resolved": "https://registry.npmjs.org/videojs-marker-plugin/-/videojs-marker-plugin-1.0.1.tgz",
      "integrity": "sha512-P/d/o7cyanGS1uZPAMXnc7hZoV1SHE3aqDJPPj5dQYwUybiGIo7HjkdbvIMAqB1Y0kZ+jISgZpeuTYDMwIAv3Q==",
      "dependencies": {
        "global": "^4.4.0"
      },
      "engines": {
        "node": ">=8",
        "npm": ">=5"
      },
      "peerDependencies": {
        "video.js": "7.11.4"
      }
    },
    "node_modules/videojs-marker-plugin/node_modules/global": {
      "version": "4.4.0",
      "resolved": "https://registry.npmjs.org/global/-/global-4.4.0.tgz",
      "integrity": "sha512-wv/LAoHdRE3BeTGz53FAamhGlPLhlssK45usmGFThIi4XqnBmjKQ16u+RNbP7WvigRZDxUsM0J3gcQ5yicaL0w==",
      "dependencies": {
        "min-document": "^2.19.0",
        "process": "^0.11.10"
      }
    },
    "node_modules/videojs-marker-plugin/node_modules/process": {
      "version": "0.11.10",
      "resolved": "https://registry.npmjs.org/process/-/process-0.11.10.tgz",
      "integrity": "sha512-cdGef/drWFoydD1JsMzuFf8100nZl+GT+yacc2bEced5f9Rjk4z+WtFUTBu9PhOi9j/jfmBPu0mMEY4wIdAF8A==",
      "engines": {
        "node": ">= 0.6.0"
      }
    },
    "node_modules/videojs-vtt.js": {
      "version": "0.15.5",
      "resolved": "https://registry.npmjs.org/videojs-vtt.js/-/videojs-vtt.js-0.15.5.tgz",
      "integrity": "sha512-yZbBxvA7QMYn15Lr/ZfhhLPrNpI/RmCSCqgIff57GC2gIrV5YfyzLfLyZMj0NnZSAz8syB4N0nHXpZg9MyrMOQ==",
      "peer": true,
      "dependencies": {
        "global": "^4.3.1"
      }
    },
    "node_modules/xmldom": {
      "version": "0.1.31",
      "resolved": "https://registry.npmjs.org/xmldom/-/xmldom-0.1.31.tgz",
      "integrity": "sha512-yS2uJflVQs6n+CyjHoaBmVSqIDevTAWrzMmjG1Gc7h1qQ7uVozNhEPJAwZXWyGQ/Gafo3fCwrcaokezLPupVyQ==",
      "deprecated": "Deprecated due to CVE-2021-21366 resolved in 0.5.0",
      "peer": true,
      "engines": {
        "node": ">=0.1"
      }
    }
  },
  "dependencies": {
    "@babel/runtime": {
      "version": "7.23.9",
      "resolved": "https://registry.npmjs.org/@babel/runtime/-/runtime-7.23.9.tgz",
      "integrity": "sha512-0CX6F+BI2s9dkUqr08KFrAIZgNFj75rdBU/DjCyYLIaV/quFjkk6T+EJ2LkZHyZTbEV4L5p97mNkUsHl2wLFAw==",
      "peer": true,
      "requires": {
        "regenerator-runtime": "^0.14.0"
      }
    },
    "@videojs/http-streaming": {
      "version": "2.4.2",
      "resolved": "https://registry.npmjs.org/@videojs/http-streaming/-/http-streaming-2.4.2.tgz",
      "integrity": "sha512-yXT85ao2t9Sg/aQN2MV1AYikoRToxCaHD8rRR1+SuOWOv9+z8+M4X9ZvxIdFF3pFgZ67Widp/6xyRrDn2u2QWQ==",
      "peer": true,
      "requires": {
        "@babel/runtime": "^7.12.5",
        "@videojs/vhs-utils": "^2.3.0",
        "aes-decrypter": "3.1.0",
        "global": "^4.4.0",
        "m3u8-parser": "4.5.0",
        "mpd-parser": "0.15.0",
        "mux.js": "5.8.0",
        "video.js": "^6 || ^7"
      },
      "dependencies": {
        "global": {
          "version": "4.4.0",
          "resolved": "https://registry.npmjs.org/global/-/global-4.4.0.tgz",
          "integrity": "sha512-wv/LAoHdRE3BeTGz53FAamhGlPLhlssK45usmGFThIi4XqnBmjKQ16u+RNbP7WvigRZDxUsM0J3gcQ5yicaL0w==",
          "peer": true,
          "requires": {
            "min-document": "^2.19.0",
            "process": "^0.11.10"
          }
        },
        "process": {
          "version": "0.11.10",
          "resolved": "https://registry.npmjs.org/process/-/process-0.11.10.tgz",
          "integrity": "sha512-cdGef/drWFoydD1JsMzuFf8100nZl+GT+yacc2bEced5f9Rjk4z+WtFUTBu9PhOi9j/jfmBPu0mMEY4wIdAF8A==",
          "peer": true
        }
      }
    },
    "@videojs/vhs-utils": {
      "version": "2.3.0",
      "resolved": "https://registry.npmjs.org/@videojs/vhs-utils/-/vhs-utils-2.3.0.tgz",
      "integrity": "sha512-ThSmm91S7tuIJ757ON50K4y7S/bvKN4+B0tu303gCOxaG57PoP1UvPfMQZ90XGhxwNgngexVojOqbBHhTvXVHQ==",
      "peer": true,
      "requires": {
        "@babel/runtime": "^7.5.5",
        "global": "^4.3.2",
        "url-toolkit": "^2.1.6"
      }
    },
    "@videojs/xhr": {
      "version": "2.5.1",
      "resolved": "https://registry.npmjs.org/@videojs/xhr/-/xhr-2.5.1.tgz",
      "integrity": "sha512-wV9nGESHseSK+S9ePEru2+OJZ1jq/ZbbzniGQ4weAmTIepuBMSYPx5zrxxQA0E786T5ykpO8ts+LayV+3/oI2w==",
      "peer": true,
      "requires": {
        "@babel/runtime": "^7.5.5",
        "global": "~4.4.0",
        "is-function": "^1.0.1"
      },
      "dependencies": {
        "global": {
          "version": "4.4.0",
          "resolved": "https://registry.npmjs.org/global/-/global-4.4.0.tgz",
          "integrity": "sha512-wv/LAoHdRE3BeTGz53FAamhGlPLhlssK45usmGFThIi4XqnBmjKQ16u+RNbP7WvigRZDxUsM0J3gcQ5yicaL0w==",
          "peer": true,
          "requires": {
            "min-document": "^2.19.0",
            "process": "^0.11.10"
          }
        },
        "process": {
          "version": "0.11.10",
          "resolved": "https://registry.npmjs.org/process/-/process-0.11.10.tgz",
          "integrity": "sha512-cdGef/drWFoydD1JsMzuFf8100nZl+GT+yacc2bEced5f9Rjk4z+WtFUTBu9PhOi9j/jfmBPu0mMEY4wIdAF8A==",
          "peer": true
        }
      }
    },
    "aes-decrypter": {
      "version": "3.1.0",
      "resolved": "https://registry.npmjs.org/aes-decrypter/-/aes-decrypter-3.1.0.tgz",
      "integrity": "sha512-wL1NFwP2yNrJG4InpXYFhhYe9TfonnDyhyxMq2+K9/qt+SrZzUieOpviN6pkDly7GawTqw5feehk0rn5iYo00g==",
      "peer": true,
      "requires": {
        "@babel/runtime": "^7.5.5",
        "@videojs/vhs-utils": "^2.2.1",
        "global": "^4.3.2",
        "pkcs7": "^1.0.4"
      }
    },
    "dom-walk": {
      "version": "0.1.2",
      "resolved": "https://registry.npmjs.org/dom-walk/-/dom-walk-0.1.2.tgz",
      "integrity": "sha512-6QvTW9mrGeIegrFXdtQi9pk7O/nSK6lSdXW2eqUspN5LWD7UTji2Fqw5V2YLjBpHEoU9Xl/eUWNpDeZvoyOv2w=="
    },
    "global": {
      "version": "4.3.2",
      "resolved": "https://registry.npmjs.org/global/-/global-4.3.2.tgz",
      "integrity": "sha512-/4AybdwIDU4HkCUbJkZdWpe4P6vuw/CUtu+0I1YlLIPe7OlUO7KNJ+q/rO70CW2/NW6Jc6I62++Hzsf5Alu6rQ==",
      "peer": true,
      "requires": {
        "min-document": "^2.19.0",
        "process": "~0.5.1"
      }
    },
    "individual": {
      "version": "2.0.0",
      "resolved": "https://registry.npmjs.org/individual/-/individual-2.0.0.tgz",
      "integrity": "sha512-pWt8hBCqJsUWI/HtcfWod7+N9SgAqyPEaF7JQjwzjn5vGrpg6aQ5qeAFQ7dx//UH4J1O+7xqew+gCeeFt6xN/g==",
      "peer": true
    },
    "is-function": {
      "version": "1.0.2",
      "resolved": "https://registry.npmjs.org/is-function/-/is-function-1.0.2.tgz",
      "integrity": "sha512-lw7DUp0aWXYg+CBCN+JKkcE0Q2RayZnSvnZBlwgxHBQhqt5pZNVy4Ri7H9GmmXkdu7LUthszM+Tor1u/2iBcpQ==",
      "peer": true
    },
    "keycode": {
      "version": "2.2.1",
      "resolved": "https://registry.npmjs.org/keycode/-/keycode-2.2.1.tgz",
      "integrity": "sha512-Rdgz9Hl9Iv4QKi8b0OlCRQEzp4AgVxyCtz5S/+VIHezDmrDhkp2N2TqBWOLz0/gbeREXOOiI9/4b8BY9uw2vFg==",
      "peer": true
    },
    "m3u8-parser": {
      "version": "4.5.0",
      "resolved": "https://registry.npmjs.org/m3u8-parser/-/m3u8-parser-4.5.0.tgz",
      "integrity": "sha512-RGm/1WVCX3o1bSWbJGmJUu4zTbtJy8lImtgHM4CESFvJRXYztr1j6SW/q9/ghYOrUjgH7radsIar+z1Leln0sA==",
      "peer": true,
      "requires": {
        "@babel/runtime": "^7.5.5",
        "@videojs/vhs-utils": "^2.2.1",
        "global": "^4.3.2"
      }
    },
    "min-document": {
      "version": "2.19.0",
      "resolved": "https://registry.npmjs.org/min-document/-/min-document-2.19.0.tgz",
      "integrity": "sha512-9Wy1B3m3f66bPPmU5hdA4DR4PB2OfDU/+GS3yAB7IQozE3tqXaVv2zOjgla7MEGSRv95+ILmOuvhLkOK6wJtCQ==",
      "requires": {
        "dom-walk": "^0.1.0"
      }
    },
    "mpd-parser": {
      "version": "0.15.0",
      "resolved": "https://registry.npmjs.org/mpd-parser/-/mpd-parser-0.15.0.tgz",
      "integrity": "sha512-GfspJVaEnVbWKZQASvh9nsJkvxWh3M/c5Kb2RPnN5ZXPZ7jWWfarWkNKTEuqvoaAKIT8IB/r6PFTWA1GY4fzGg==",
      "peer": true,
      "requires": {
        "@babel/runtime": "^7.5.5",
        "@videojs/vhs-utils": "^2.2.1",
        "global": "^4.3.2",
        "xmldom": "^0.1.27"
      }
    },
    "mux.js": {
      "version": "5.8.0",
      "resolved": "https://registry.npmjs.org/mux.js/-/mux.js-5.8.0.tgz",
      "integrity": "sha512-v56I2YPyCq1bVbXW7vcuvQs8iHrDy7AeXsZyG1kxCxBUqUjZD0Xq/cU1wrd5dy9YTxRpvw37aTQ4ILwi40GXiw==",
      "peer": true
    },
    "pkcs7": {
      "version": "1.0.4",
      "resolved": "https://registry.npmjs.org/pkcs7/-/pkcs7-1.0.4.tgz",
      "integrity": "sha512-afRERtHn54AlwaF2/+LFszyAANTCggGilmcmILUzEjvs3XgFZT+xE6+QWQcAGmu4xajy+Xtj7acLOPdx5/eXWQ==",
      "peer": true,
      "requires": {
        "@babel/runtime": "^7.5.5"
      }
    },
    "process": {
      "version": "0.5.2",
      "resolved": "https://registry.npmjs.org/process/-/process-0.5.2.tgz",
      "integrity": "sha512-oNpcutj+nYX2FjdEW7PGltWhXulAnFlM0My/k48L90hARCOJtvBbQXc/6itV2jDvU5xAAtonP+r6wmQgCcbAUA==",
      "peer": true
    },
    "regenerator-runtime": {
      "version": "0.14.1",
      "resolved": "https://registry.npmjs.org/regenerator-runtime/-/regenerator-runtime-0.14.1.tgz",
      "integrity": "sha512-dYnhHh0nJoMfnkZs6GmmhFknAGRrLznOu5nc9ML+EJxGvrx6H7teuevqVqCuPcPK//3eDrrjQhehXVx9cnkGdw==",
      "peer": true
    },
    "rust-result": {
      "version": "1.0.0",
      "resolved": "https://registry.npmjs.org/rust-result/-/rust-result-1.0.0.tgz",
      "integrity": "sha512-6cJzSBU+J/RJCF063onnQf0cDUOHs9uZI1oroSGnHOph+CQTIJ5Pp2hK5kEQq1+7yE/EEWfulSNXAQ2jikPthA==",
      "peer": true,
      "requires": {
        "individual": "^2.0.0"
      }
    },
    "safe-json-parse": {
      "version": "4.0.0",
      "resolved": "https://registry.npmjs.org/safe-json-parse/-/safe-json-parse-4.0.0.tgz",
      "integrity": "sha512-RjZPPHugjK0TOzFrLZ8inw44s9bKox99/0AZW9o/BEQVrJfhI+fIHMErnPyRa89/yRXUUr93q+tiN6zhoVV4wQ==",
      "peer": true,
      "requires": {
        "rust-result": "^1.0.0"
      }
    },
    "url-toolkit": {
      "version": "2.2.5",
      "resolved": "https://registry.npmjs.org/url-toolkit/-/url-toolkit-2.2.5.tgz",
      "integrity": "sha512-mtN6xk+Nac+oyJ/PrI7tzfmomRVNFIWKUbG8jdYFt52hxbiReFAXIjYskvu64/dvuW71IcB7lV8l0HvZMac6Jg==",
      "peer": true
    },
    "video.js": {
      "version": "7.11.4",
      "resolved": "https://registry.npmjs.org/video.js/-/video.js-7.11.4.tgz",
      "integrity": "sha512-eT9n7YCugHyWNHI2gyK28XoozNmLiW4F9dRYEP6ET/JVmm7oXPhLeVfs5kqcRviquISqWsvsNmhK1b9vvZzyVA==",
      "peer": true,
      "requires": {
        "@babel/runtime": "^7.9.2",
        "@videojs/http-streaming": "2.4.2",
        "@videojs/xhr": "2.5.1",
        "global": "4.3.2",
        "keycode": "^2.2.0",
        "safe-json-parse": "4.0.0",
        "videojs-font": "3.2.0",
        "videojs-vtt.js": "^0.15.2"
      }
    },
    "videojs-font": {
      "version": "3.2.0",
      "resolved": "https://registry.npmjs.org/videojs-font/-/videojs-font-3.2.0.tgz",
      "integrity": "sha512-g8vHMKK2/JGorSfqAZQUmYYNnXmfec4MLhwtEFS+mMs2IDY398GLysy6BH6K+aS1KMNu/xWZ8Sue/X/mdQPliA==",
      "peer": true
    },
    "videojs-marker-plugin": {
      "version": "1.0.1",
      "resolved": "https://registry.npmjs.org/videojs-marker-plugin/-/videojs-marker-plugin-1.0.1.tgz",
      "integrity": "sha512-P/d/o7cyanGS1uZPAMXnc7hZoV1SHE3aqDJPPj5dQYwUybiGIo7HjkdbvIMAqB1Y0kZ+jISgZpeuTYDMwIAv3Q==",
      "requires": {
        "global": "^4.4.0"
      },
      "dependencies": {
        "global": {
          "version": "4.4.0",
          "resolved": "https://registry.npmjs.org/global/-/global-4.4.0.tgz",
          "integrity": "sha512-wv/LAoHdRE3BeTGz53FAamhGlPLhlssK45usmGFThIi4XqnBmjKQ16u+RNbP7WvigRZDxUsM0J3gcQ5yicaL0w==",
          "requires": {
            "min-document": "^2.19.0",
            "process": "^0.11.10"
          }
        },
        "process": {
          "version": "0.11.10",
          "resolved": "https://registry.npmjs.org/process/-/process-0.11.10.tgz",
          "integrity": "sha512-cdGef/drWFoydD1JsMzuFf8100nZl+GT+yacc2bEced5f9Rjk4z+WtFUTBu9PhOi9j/jfmBPu0mMEY4wIdAF8A=="
        }
      }
    },
    "videojs-vtt.js": {
      "version": "0.15.5",
      "resolved": "https://registry.npmjs.org/videojs-vtt.js/-/videojs-vtt.js-0.15.5.tgz",
      "integrity": "sha512-yZbBxvA7QMYn15Lr/ZfhhLPrNpI/RmCSCqgIff57GC2gIrV5YfyzLfLyZMj0NnZSAz8syB4N0nHXpZg9MyrMOQ==",
      "peer": true,
      "requires": {
        "global": "^4.3.1"
      }
    },
    "xmldom": {
      "version": "0.1.31",
      "resolved": "https://registry.npmjs.org/xmldom/-/xmldom-0.1.31.tgz",
      "integrity": "sha512-yS2uJflVQs6n+CyjHoaBmVSqIDevTAWrzMmjG1Gc7h1qQ7uVozNhEPJAwZXWyGQ/Gafo3fCwrcaokezLPupVyQ==",
      "peer": true
    }
  }
}
